
Microsoft Visual Studio Solution File, Format Version 12.00
# Visual Studio Version 16
VisualStudioVersion = 16.0.31112.23
MinimumVisualStudioVersion = 10.0.40219.1
Project("{FAE04EC0-301F-11D3-BF4B-00C04F79EFBC}") = "CloudClientSecurity04", "CloudClientSecurity04.csproj", "{8957DB28-1AB7-49B8-80EA-1218B53D9222}"
EndProject
Global
	GlobalSection(SolutionConfigurationPlatforms) = preSolution
		Debug|Any CPU = Debug|Any CPU
		Release|Any CPU = Release|Any CPU
	EndGlobalSection
	GlobalSection(ProjectConfigurationPlatforms) = postSolution
		{8957DB28-1AB7-49B8-80EA-1218B53D9222}.Debug|Any CPU.ActiveCfg = Debug|Any CPU
		{8957DB28-1AB7-49B8-80EA-1218B53D9222}.Debug|Any CPU.Build.0 = Debug|Any CPU
		{8957DB28-1AB7-49B8-80EA-1218B53D9222}.Release|Any CPU.ActiveCfg = Release|Any CPU
		{8957DB28-1AB7-49B8-80EA-1218B53D9222}.Release|Any CPU.Build.0 = Release|Any CPU
	EndGlobalSection
	GlobalSection(SolutionProperties) = preSolution
		HideSolutionNode = FALSE
	EndGlobalSection
	GlobalSection(ExtensibilityGlobals) = postSolution
		SolutionGuid = {519CD0BA-ECF9-4911-B81C-683751F70749}
	EndGlobalSection
EndGlobal
